
Microsoft Visual Studio Solution File, Format Version 12.00
# Visual Studio Version 16
VisualStudioVersion = 16.0.31112.23
MinimumVisualStudioVersion = 10.0.40219.1
Project("{FAE04EC0-301F-11D3-BF4B-00C04F79EFBC}") = "vVuelos", "vVuelos\vVuelos.csproj", "{8E00EF68-8C0B-4E6E-8966-971ACC8A7F79}"
EndProject
Project("{FAE04EC0-301F-11D3-BF4B-00C04F79EFBC}") = "BancoAPI", "BancoAPI\BancoAPI.csproj", "{9DCED91B-E7F5-4F43-A462-85F94152D7E1}"
EndProject
Global
	GlobalSection(SolutionConfigurationPlatforms) = preSolution
		Debug|Any CPU = Debug|Any CPU
		Release|Any CPU = Release|Any CPU
	EndGlobalSection
	GlobalSection(ProjectConfigurationPlatforms) = postSolution
		{8E00EF68-8C0B-4E6E-8966-971ACC8A7F79}.Debug|Any CPU.ActiveCfg = Debug|Any CPU
		{8E00EF68-8C0B-4E6E-8966-971ACC8A7F79}.Debug|Any CPU.Build.0 = Debug|Any CPU
		{8E00EF68-8C0B-4E6E-8966-971ACC8A7F79}.Release|Any CPU.ActiveCfg = Release|Any CPU
		{8E00EF68-8C0B-4E6E-8966-971ACC8A7F79}.Release|Any CPU.Build.0 = Release|Any CPU
		{9DCED91B-E7F5-4F43-A462-85F94152D7E1}.Debug|Any CPU.ActiveCfg = Debug|Any CPU
		{9DCED91B-E7F5-4F43-A462-85F94152D7E1}.Debug|Any CPU.Build.0 = Debug|Any CPU
		{9DCED91B-E7F5-4F43-A462-85F94152D7E1}.Release|Any CPU.ActiveCfg = Release|Any CPU
		{9DCED91B-E7F5-4F43-A462-85F94152D7E1}.Release|Any CPU.Build.0 = Release|Any CPU
	EndGlobalSection
	GlobalSection(SolutionProperties) = preSolution
		HideSolutionNode = FALSE
	EndGlobalSection
	GlobalSection(ExtensibilityGlobals) = postSolution
		SolutionGuid = {F3F436F2-F13C-458B-977C-371199E5F4AD}
	EndGlobalSection
EndGlobal
